
Microsoft Visual Studio Solution File, Format Version 12.00
# Visual Studio 15
VisualStudioVersion = 15.0.28307.168
MinimumVisualStudioVersion = 10.0.40219.1
Project("{FAE04EC0-301F-11D3-BF4B-00C04F79EFBC}") = "newwf", "newwf\newwf.csproj", "{703DA409-AC9E-4183-8A39-1A115D1D45B7}"
EndProject
Global
	GlobalSection(SolutionConfigurationPlatforms) = preSolution
		Debug|Any CPU = Debug|Any CPU
		Release|Any CPU = Release|Any CPU
	EndGlobalSection
	GlobalSection(ProjectConfigurationPlatforms) = postSolution
		{703DA409-AC9E-4183-8A39-1A115D1D45B7}.Debug|Any CPU.ActiveCfg = Debug|Any CPU
		{703DA409-AC9E-4183-8A39-1A115D1D45B7}.Debug|Any CPU.Build.0 = Debug|Any CPU
		{703DA409-AC9E-4183-8A39-1A115D1D45B7}.Release|Any CPU.ActiveCfg = Release|Any CPU
		{703DA409-AC9E-4183-8A39-1A115D1D45B7}.Release|Any CPU.Build.0 = Release|Any CPU
	EndGlobalSection
	GlobalSection(SolutionProperties) = preSolution
		HideSolutionNode = FALSE
	EndGlobalSection
	GlobalSection(ExtensibilityGlobals) = postSolution
		SolutionGuid = {C0E30D53-49FC-4133-AE18-C1090C1D6DB2}
	EndGlobalSection
EndGlobal
